// !$*UTF8*$!
{
	archiveVersion = 1;
	classes = {
	};
	objectVersion = 50;
	objects = {

/* Begin PBXBuildFile section */
		5710E1A024245D9D007EE75A /* AppDelegate.swift in Sources */ = {isa = PBXBuildFile; fileRef = 5710E19F24245D9D007EE75A /* AppDelegate.swift */; };
		5710E1A224245D9D007EE75A /* SceneDelegate.swift in Sources */ = {isa = PBXBuildFile; fileRef = 5710E1A124245D9D007EE75A /* SceneDelegate.swift */; };
		5710E1A724245D9D007EE75A /* Main.storyboard in Resources */ = {isa = PBXBuildFile; fileRef = 5710E1A524245D9D007EE75A /* Main.storyboard */; };
		5710E1A924245D9E007EE75A /* Assets.xcassets in Resources */ = {isa = PBXBuildFile; fileRef = 5710E1A824245D9E007EE75A /* Assets.xcassets */; };
		5710E1AC24245D9E007EE75A /* LaunchScreen.storyboard in Resources */ = {isa = PBXBuildFile; fileRef = 5710E1AA24245D9E007EE75A /* LaunchScreen.storyboard */; };
		5710E1B724245D9E007EE75A /* IosSwiftDemoTests.swift in Sources */ = {isa = PBXBuildFile; fileRef = 5710E1B624245D9E007EE75A /* IosSwiftDemoTests.swift */; };
		5710E1C224245D9E007EE75A /* IosSwiftDemoUITests.swift in Sources */ = {isa = PBXBuildFile; fileRef = 5710E1C124245D9E007EE75A /* IosSwiftDemoUITests.swift */; };
		5710E1D424246857007EE75A /* UIViewController扩展.swift in Sources */ = {isa = PBXBuildFile; fileRef = 5710E1D324246857007EE75A /* UIViewController扩展.swift */; };
		5710E1D824246F88007EE75A /* MainVc.swift in Sources */ = {isa = PBXBuildFile; fileRef = 5710E1D724246F88007EE75A /* MainVc.swift */; };
		5710E1F52424D484007EE75A /* File1.swift in Sources */ = {isa = PBXBuildFile; fileRef = 5710E1F32424D484007EE75A /* File1.swift */; };
		5710E1F62424D484007EE75A /* View.xib in Resources */ = {isa = PBXBuildFile; fileRef = 5710E1F42424D484007EE75A /* View.xib */; };
		5710E1FA2425C7D2007EE75A /* LieBiao.swift in Sources */ = {isa = PBXBuildFile; fileRef = 5710E1F92425C7D2007EE75A /* LieBiao.swift */; };
		5710E2062425D6AF007EE75A /* XtTabBar.swift in Sources */ = {isa = PBXBuildFile; fileRef = 5710E2052425D6AF007EE75A /* XtTabBar.swift */; };
		5710E2082425D830007EE75A /* TabBarSubPage1.swift in Sources */ = {isa = PBXBuildFile; fileRef = 5710E2072425D830007EE75A /* TabBarSubPage1.swift */; };
		5710E20D2425D977007EE75A /* TabBarSubPage3.swift in Sources */ = {isa = PBXBuildFile; fileRef = 5710E2092425D976007EE75A /* TabBarSubPage3.swift */; };
		5710E20E2425D977007EE75A /* TabBarSubPage4.swift in Sources */ = {isa = PBXBuildFile; fileRef = 5710E20A2425D976007EE75A /* TabBarSubPage4.swift */; };
		5710E20F2425D977007EE75A /* TabBarSubPage5.swift in Sources */ = {isa = PBXBuildFile; fileRef = 5710E20B2425D976007EE75A /* TabBarSubPage5.swift */; };
		5710E2102425D977007EE75A /* TabBarSubPage2.swift in Sources */ = {isa = PBXBuildFile; fileRef = 5710E20C2425D977007EE75A /* TabBarSubPage2.swift */; };
		5710E2122425D9C6007EE75A /* MyUiTabBarView.swift in Sources */ = {isa = PBXBuildFile; fileRef = 5710E2112425D9C6007EE75A /* MyUiTabBarView.swift */; };
		5710E2202425E24C007EE75A /* 添加_选中@2x.png in Resources */ = {isa = PBXBuildFile; fileRef = 5710E2152425E24C007EE75A /* 添加_选中@2x.png */; };
		5710E2212425E24C007EE75A /* 首页_选中@2x.png in Resources */ = {isa = PBXBuildFile; fileRef = 5710E2162425E24C007EE75A /* 首页_选中@2x.png */; };
		5710E2222425E24C007EE75A /* 首页_未选中@2x.png in Resources */ = {isa = PBXBuildFile; fileRef = 5710E2172425E24C007EE75A /* 首页_未选中@2x.png */; };
		5710E2242425E24C007EE75A /* 我的_选中@2x.png in Resources */ = {isa = PBXBuildFile; fileRef = 5710E2192425E24C007EE75A /* 我的_选中@2x.png */; };
		5710E2252425E24C007EE75A /* 朋友_选中@2x.png in Resources */ = {isa = PBXBuildFile; fileRef = 5710E21A2425E24C007EE75A /* 朋友_选中@2x.png */; };
		5710E2262425E24C007EE75A /* 朋友_未选中@2x.png in Resources */ = {isa = PBXBuildFile; fileRef = 5710E21B2425E24C007EE75A /* 朋友_未选中@2x.png */; };
		5710E2272425E24C007EE75A /* 发现_选中@2x.png in Resources */ = {isa = PBXBuildFile; fileRef = 5710E21C2425E24C007EE75A /* 发现_选中@2x.png */; };
		5710E2282425E24C007EE75A /* 添加_未选中@2x.png in Resources */ = {isa = PBXBuildFile; fileRef = 5710E21D2425E24C007EE75A /* 添加_未选中@2x.png */; };
		5710E2292425E24C007EE75A /* 我的_未选中@2x.png in Resources */ = {isa = PBXBuildFile; fileRef = 5710E21E2425E24C007EE75A /* 我的_未选中@2x.png */; };
		5710E22D2425E630007EE75A /* 发现_未选中@2x.png in Resources */ = {isa = PBXBuildFile; fileRef = 5710E22C2425E630007EE75A /* 发现_未选中@2x.png */; };
		5710E22F2425F1A0007EE75A /* JdJhTabBar.swift in Sources */ = {isa = PBXBuildFile; fileRef = 5710E22E2425F1A0007EE75A /* JdJhTabBar.swift */; };
		5710E2312425FC55007EE75A /* post_normal@2x.png in Resources */ = {isa = PBXBuildFile; fileRef = 5710E2302425FC55007EE75A /* post_normal@2x.png */; };
		5710E234242608A2007EE75A /* XcUiClolor.swift in Sources */ = {isa = PBXBuildFile; fileRef = 5710E233242608A2007EE75A /* XcUiClolor.swift */; };
		5710E23624260C44007EE75A /* TabBarSubPage6.swift in Sources */ = {isa = PBXBuildFile; fileRef = 5710E23524260C44007EE75A /* TabBarSubPage6.swift */; };
		5710E23824260EB6007EE75A /* TqlTabBar.swift in Sources */ = {isa = PBXBuildFile; fileRef = 5710E23724260EB6007EE75A /* TqlTabBar.swift */; };
		578D41C224260FCE00F8B141 /* CustomTabBar.swift in Sources */ = {isa = PBXBuildFile; fileRef = 578D41C124260FCE00F8B141 /* CustomTabBar.swift */; };
/* End PBXBuildFile section */

/* Begin PBXContainerItemProxy section */
		5710E1B324245D9E007EE75A /* PBXContainerItemProxy */ = {
			isa = PBXContainerItemProxy;
			containerPortal = 5710E19424245D9D007EE75A /* Project object */;
			proxyType = 1;
			remoteGlobalIDString = 5710E19B24245D9D007EE75A;
			remoteInfo = IosSwiftDemo;
		};
		5710E1BE24245D9E007EE75A /* PBXContainerItemProxy */ = {
			isa = PBXContainerItemProxy;
			containerPortal = 5710E19424245D9D007EE75A /* Project object */;
			proxyType = 1;
			remoteGlobalIDString = 5710E19B24245D9D007EE75A;
			remoteInfo = IosSwiftDemo;
		};
/* End PBXContainerItemProxy section */

/* Begin PBXFileReference section */
		5710E19C24245D9D007EE75A /* IosSwiftDemo.app */ = {isa = PBXFileReference; explicitFileType = wrapper.application; includeInIndex = 0; path = IosSwiftDemo.app; sourceTree = BUILT_PRODUCTS_DIR; };
		5710E19F24245D9D007EE75A /* AppDelegate.swift */ = {isa = PBXFileReference; lastKnownFileType = sourcecode.swift; path = AppDelegate.swift; sourceTree = "<group>"; };
		5710E1A124245D9D007EE75A /* SceneDelegate.swift */ = {isa = PBXFileReference; lastKnownFileType = sourcecode.swift; path = SceneDelegate.swift; sourceTree = "<group>"; };
		5710E1A624245D9D007EE75A /* Base */ = {isa = PBXFileReference; lastKnownFileType = file.storyboard; name = Base; path = Base.lproj/Main.storyboard; sourceTree = "<group>"; };
		5710E1A824245D9E007EE75A /* Assets.xcassets */ = {isa = PBXFileReference; lastKnownFileType = folder.assetcatalog; path = Assets.xcassets; sourceTree = "<group>"; };
		5710E1AB24245D9E007EE75A /* Base */ = {isa = PBXFileReference; lastKnownFileType = file.storyboard; name = Base; path = Base.lproj/LaunchScreen.storyboard; sourceTree = "<group>"; };
		5710E1AD24245D9E007EE75A /* Info.plist */ = {isa = PBXFileReference; lastKnownFileType = text.plist.xml; path = Info.plist; sourceTree = "<group>"; };
		5710E1B224245D9E007EE75A /* IosSwiftDemoTests.xctest */ = {isa = PBXFileReference; explicitFileType = wrapper.cfbundle; includeInIndex = 0; path = IosSwiftDemoTests.xctest; sourceTree = BUILT_PRODUCTS_DIR; };
		5710E1B624245D9E007EE75A /* IosSwiftDemoTests.swift */ = {isa = PBXFileReference; lastKnownFileType = sourcecode.swift; path = IosSwiftDemoTests.swift; sourceTree = "<group>"; };
		5710E1B824245D9E007EE75A /* Info.plist */ = {isa = PBXFileReference; lastKnownFileType = text.plist.xml; path = Info.plist; sourceTree = "<group>"; };
		5710E1BD24245D9E007EE75A /* IosSwiftDemoUITests.xctest */ = {isa = PBXFileReference; explicitFileType = wrapper.cfbundle; includeInIndex = 0; path = IosSwiftDemoUITests.xctest; sourceTree = BUILT_PRODUCTS_DIR; };
		5710E1C124245D9E007EE75A /* IosSwiftDemoUITests.swift */ = {isa = PBXFileReference; lastKnownFileType = sourcecode.swift; path = IosSwiftDemoUITests.swift; sourceTree = "<group>"; };
		5710E1C324245D9E007EE75A /* Info.plist */ = {isa = PBXFileReference; lastKnownFileType = text.plist.xml; path = Info.plist; sourceTree = "<group>"; };
		5710E1D324246857007EE75A /* UIViewController扩展.swift */ = {isa = PBXFileReference; fileEncoding = 4; lastKnownFileType = sourcecode.swift; path = "UIViewController扩展.swift"; sourceTree = "<group>"; };
		5710E1D724246F88007EE75A /* MainVc.swift */ = {isa = PBXFileReference; fileEncoding = 4; lastKnownFileType = sourcecode.swift; path = MainVc.swift; sourceTree = "<group>"; };
		5710E1F32424D484007EE75A /* File1.swift */ = {isa = PBXFileReference; fileEncoding = 4; lastKnownFileType = sourcecode.swift; path = File1.swift; sourceTree = "<group>"; };
		5710E1F42424D484007EE75A /* View.xib */ = {isa = PBXFileReference; fileEncoding = 4; lastKnownFileType = file.xib; path = View.xib; sourceTree = "<group>"; };
		5710E1F92425C7D2007EE75A /* LieBiao.swift */ = {isa = PBXFileReference; fileEncoding = 4; lastKnownFileType = sourcecode.swift; path = LieBiao.swift; sourceTree = "<group>"; };
		5710E2052425D6AF007EE75A /* XtTabBar.swift */ = {isa = PBXFileReference; lastKnownFileType = sourcecode.swift; path = XtTabBar.swift; sourceTree = "<group>"; };
		5710E2072425D830007EE75A /* TabBarSubPage1.swift */ = {isa = PBXFileReference; lastKnownFileType = sourcecode.swift; path = TabBarSubPage1.swift; sourceTree = "<group>"; };
		5710E2092425D976007EE75A /* TabBarSubPage3.swift */ = {isa = PBXFileReference; fileEncoding = 4; lastKnownFileType = sourcecode.swift; path = TabBarSubPage3.swift; sourceTree = "<group>"; };
		5710E20A2425D976007EE75A /* TabBarSubPage4.swift */ = {isa = PBXFileReference; fileEncoding = 4; lastKnownFileType = sourcecode.swift; path = TabBarSubPage4.swift; sourceTree = "<group>"; };
		5710E20B2425D976007EE75A /* TabBarSubPage5.swift */ = {isa = PBXFileReference; fileEncoding = 4; lastKnownFileType = sourcecode.swift; path = TabBarSubPage5.swift; sourceTree = "<group>"; };
		5710E20C2425D977007EE75A /* TabBarSubPage2.swift */ = {isa = PBXFileReference; fileEncoding = 4; lastKnownFileType = sourcecode.swift; path = TabBarSubPage2.swift; sourceTree = "<group>"; };
		5710E2112425D9C6007EE75A /* MyUiTabBarView.swift */ = {isa = PBXFileReference; fileEncoding = 4; lastKnownFileType = sourcecode.swift; path = MyUiTabBarView.swift; sourceTree = "<group>"; };
		5710E2152425E24C007EE75A /* 添加_选中@2x.png */ = {isa = PBXFileReference; lastKnownFileType = image.png; path = "添加_选中@2x.png"; sourceTree = "<group>"; };
		5710E2162425E24C007EE75A /* 首页_选中@2x.png */ = {isa = PBXFileReference; lastKnownFileType = image.png; path = "首页_选中@2x.png"; sourceTree = "<group>"; };
		5710E2172425E24C007EE75A /* 首页_未选中@2x.png */ = {isa = PBXFileReference; lastKnownFileType = image.png; path = "首页_未选中@2x.png"; sourceTree = "<group>"; };
		5710E2192425E24C007EE75A /* 我的_选中@2x.png */ = {isa = PBXFileReference; lastKnownFileType = image.png; path = "我的_选中@2x.png"; sourceTree = "<group>"; };
		5710E21A2425E24C007EE75A /* 朋友_选中@2x.png */ = {isa = PBXFileReference; lastKnownFileType = image.png; path = "朋友_选中@2x.png"; sourceTree = "<group>"; };
		5710E21B2425E24C007EE75A /* 朋友_未选中@2x.png */ = {isa = PBXFileReference; lastKnownFileType = image.png; path = "朋友_未选中@2x.png"; sourceTree = "<group>"; };
		5710E21C2425E24C007EE75A /* 发现_选中@2x.png */ = {isa = PBXFileReference; lastKnownFileType = image.png; path = "发现_选中@2x.png"; sourceTree = "<group>"; };
		5710E21D2425E24C007EE75A /* 添加_未选中@2x.png */ = {isa = PBXFileReference; lastKnownFileType = image.png; path = "添加_未选中@2x.png"; sourceTree = "<group>"; };
		5710E21E2425E24C007EE75A /* 我的_未选中@2x.png */ = {isa = PBXFileReference; lastKnownFileType = image.png; path = "我的_未选中@2x.png"; sourceTree = "<group>"; };
		5710E22A2425E265007EE75A /* 无用@3x.png */ = {isa = PBXFileReference; lastKnownFileType = image.png; path = "无用@3x.png"; sourceTree = "<group>"; };
		5710E22B2425E265007EE75A /* 无用@2x.png */ = {isa = PBXFileReference; lastKnownFileType = image.png; path = "无用@2x.png"; sourceTree = "<group>"; };
		5710E22C2425E630007EE75A /* 发现_未选中@2x.png */ = {isa = PBXFileReference; lastKnownFileType = image.png; path = "发现_未选中@2x.png"; sourceTree = "<group>"; };
		5710E22E2425F1A0007EE75A /* JdJhTabBar.swift */ = {isa = PBXFileReference; lastKnownFileType = sourcecode.swift; path = JdJhTabBar.swift; sourceTree = "<group>"; };
		5710E2302425FC55007EE75A /* post_normal@2x.png */ = {isa = PBXFileReference; lastKnownFileType = image.png; path = "post_normal@2x.png"; sourceTree = "<group>"; };
		5710E233242608A2007EE75A /* XcUiClolor.swift */ = {isa = PBXFileReference; lastKnownFileType = sourcecode.swift; path = XcUiClolor.swift; sourceTree = "<group>"; };
		5710E23524260C44007EE75A /* TabBarSubPage6.swift */ = {isa = PBXFileReference; fileEncoding = 4; lastKnownFileType = sourcecode.swift; path = TabBarSubPage6.swift; sourceTree = "<group>"; };
		5710E23724260EB6007EE75A /* TqlTabBar.swift */ = {isa = PBXFileReference; lastKnownFileType = sourcecode.swift; path = TqlTabBar.swift; sourceTree = "<group>"; };
		578D41C124260FCE00F8B141 /* CustomTabBar.swift */ = {isa = PBXFileReference; lastKnownFileType = sourcecode.swift; path = CustomTabBar.swift; sourceTree = "<group>"; };
/* End PBXFileReference section */

/* Begin PBXFrameworksBuildPhase section */
		5710E19924245D9D007EE75A /* Frameworks */ = {
			isa = PBXFrameworksBuildPhase;
			buildActionMask = 2147483647;
			files = (
			);
			runOnlyForDeploymentPostprocessing = 0;
		};
		5710E1AF24245D9E007EE75A /* Frameworks */ = {
			isa = PBXFrameworksBuildPhase;
			buildActionMask = 2147483647;
			files = (
			);
			runOnlyForDeploymentPostprocessing = 0;
		};
		5710E1BA24245D9E007EE75A /* Frameworks */ = {
			isa = PBXFrameworksBuildPhase;
			buildActionMask = 2147483647;
			files = (
			);
			runOnlyForDeploymentPostprocessing = 0;
		};
/* End PBXFrameworksBuildPhase section */

/* Begin PBXGroup section */
		5710E19324245D9D007EE75A = {
			isa = PBXGroup;
			children = (
				5710E19E24245D9D007EE75A /* IosSwiftDemo */,
				5710E1B524245D9E007EE75A /* IosSwiftDemoTests */,
				5710E1C024245D9E007EE75A /* IosSwiftDemoUITests */,
				5710E19D24245D9D007EE75A /* Products */,
			);
			sourceTree = "<group>";
		};
		5710E19D24245D9D007EE75A /* Products */ = {
			isa = PBXGroup;
			children = (
				5710E19C24245D9D007EE75A /* IosSwiftDemo.app */,
				5710E1B224245D9E007EE75A /* IosSwiftDemoTests.xctest */,
				5710E1BD24245D9E007EE75A /* IosSwiftDemoUITests.xctest */,
			);
			name = Products;
			sourceTree = "<group>";
		};
		5710E19E24245D9D007EE75A /* IosSwiftDemo */ = {
			isa = PBXGroup;
			children = (
				5710E23224260879007EE75A /* 扩展 */,
				5710E2132425E24C007EE75A /* 图片 */,
				5710E1CF24246709007EE75A /* 代码 */,
				5710E19F24245D9D007EE75A /* AppDelegate.swift */,
				5710E1A124245D9D007EE75A /* SceneDelegate.swift */,
				5710E1A824245D9E007EE75A /* Assets.xcassets */,
				5710E1AA24245D9E007EE75A /* LaunchScreen.storyboard */,
				5710E1AD24245D9E007EE75A /* Info.plist */,
			);
			path = IosSwiftDemo;
			sourceTree = "<group>";
		};
		5710E1B524245D9E007EE75A /* IosSwiftDemoTests */ = {
			isa = PBXGroup;
			children = (
				5710E1B624245D9E007EE75A /* IosSwiftDemoTests.swift */,
				5710E1B824245D9E007EE75A /* Info.plist */,
			);
			path = IosSwiftDemoTests;
			sourceTree = "<group>";
		};
		5710E1C024245D9E007EE75A /* IosSwiftDemoUITests */ = {
			isa = PBXGroup;
			children = (
				5710E1C124245D9E007EE75A /* IosSwiftDemoUITests.swift */,
				5710E1C324245D9E007EE75A /* Info.plist */,
			);
			path = IosSwiftDemoUITests;
			sourceTree = "<group>";
		};
		5710E1CF24246709007EE75A /* 代码 */ = {
			isa = PBXGroup;
			children = (
				5710E1F72425C7D2007EE75A /* UITabBarView */,
				5710E1F82425C7D2007EE75A /* UiTabView */,
				5710E1F22424D484007EE75A /* 测试xib关联 */,
				5710E1D624246F28007EE75A /* 首页 */,
				5710E1D024246709007EE75A /* 扩展 */,
			);
			path = "代码";
			sourceTree = "<group>";
		};
		5710E1D024246709007EE75A /* 扩展 */ = {
			isa = PBXGroup;
			children = (
				5710E1D324246857007EE75A /* UIViewController扩展.swift */,
			);
			path = "扩展";
			sourceTree = "<group>";
		};
		5710E1D624246F28007EE75A /* 首页 */ = {
			isa = PBXGroup;
			children = (
				5710E1D724246F88007EE75A /* MainVc.swift */,
				5710E1A524245D9D007EE75A /* Main.storyboard */,
			);
			path = "首页";
			sourceTree = "<group>";
		};
		5710E1F22424D484007EE75A /* 测试xib关联 */ = {
			isa = PBXGroup;
			children = (
				5710E1F32424D484007EE75A /* File1.swift */,
				5710E1F42424D484007EE75A /* View.xib */,
			);
			name = "测试xib关联";
			path = "IosSwiftDemo/代码/测试xib关联";
			sourceTree = SOURCE_ROOT;
		};
		5710E1F72425C7D2007EE75A /* UITabBarView */ = {
			isa = PBXGroup;
			children = (
				5710E2042425D680007EE75A /* 动画音效按钮的TabBar */,
				5710E1FD2425D67F007EE75A /* 仿淘宝按钮的TabBar */,
				5710E2032425D680007EE75A /* 滑动隐藏的TabBar */,
				5710E2002425D67F007EE75A /* 简单加号按钮的TabBar */,
				5710E2012425D67F007EE75A /* 京东起弹TabBar */,
				5710E2022425D680007EE75A /* 凸起来加号按钮的TabBar */,
				5710E1FE2425D67F007EE75A /* 系统的TabBar */,
				5710E1FF2425D67F007EE75A /* 自定义小红点的TabBar */,
				5710E2072425D830007EE75A /* TabBarSubPage1.swift */,
				5710E20C2425D977007EE75A /* TabBarSubPage2.swift */,
				5710E2092425D976007EE75A /* TabBarSubPage3.swift */,
				5710E20A2425D976007EE75A /* TabBarSubPage4.swift */,
				5710E20B2425D976007EE75A /* TabBarSubPage5.swift */,
				5710E23524260C44007EE75A /* TabBarSubPage6.swift */,
				5710E2112425D9C6007EE75A /* MyUiTabBarView.swift */,
			);
			path = UITabBarView;
			sourceTree = "<group>";
		};
		5710E1F82425C7D2007EE75A /* UiTabView */ = {
			isa = PBXGroup;
			children = (
				5710E1F92425C7D2007EE75A /* LieBiao.swift */,
			);
			path = UiTabView;
			sourceTree = "<group>";
		};
		5710E1FD2425D67F007EE75A /* 仿淘宝按钮的TabBar */ = {
			isa = PBXGroup;
			children = (
			);
			path = "仿淘宝按钮的TabBar";
			sourceTree = "<group>";
		};
		5710E1FE2425D67F007EE75A /* 系统的TabBar */ = {
			isa = PBXGroup;
			children = (
				5710E2052425D6AF007EE75A /* XtTabBar.swift */,
			);
			path = "系统的TabBar";
			sourceTree = "<group>";
		};
		5710E1FF2425D67F007EE75A /* 自定义小红点的TabBar */ = {
			isa = PBXGroup;
			children = (
			);
			path = "自定义小红点的TabBar";
			sourceTree = "<group>";
		};
		5710E2002425D67F007EE75A /* 简单加号按钮的TabBar */ = {
			isa = PBXGroup;
			children = (
				5710E22E2425F1A0007EE75A /* JdJhTabBar.swift */,
			);
			path = "简单加号按钮的TabBar";
			sourceTree = "<group>";
		};
		5710E2012425D67F007EE75A /* 京东起弹TabBar */ = {
			isa = PBXGroup;
			children = (
			);
			path = "京东起弹TabBar";
			sourceTree = "<group>";
		};
		5710E2022425D680007EE75A /* 凸起来加号按钮的TabBar */ = {
			isa = PBXGroup;
			children = (
				5710E23724260EB6007EE75A /* TqlTabBar.swift */,
				578D41C124260FCE00F8B141 /* CustomTabBar.swift */,
			);
			path = "凸起来加号按钮的TabBar";
			sourceTree = "<group>";
		};
		5710E2032425D680007EE75A /* 滑动隐藏的TabBar */ = {
			isa = PBXGroup;
			children = (
			);
			path = "滑动隐藏的TabBar";
			sourceTree = "<group>";
		};
		5710E2042425D680007EE75A /* 动画音效按钮的TabBar */ = {
			isa = PBXGroup;
			children = (
			);
			path = "动画音效按钮的TabBar";
			sourceTree = "<group>";
		};
		5710E2132425E24C007EE75A /* 图片 */ = {
			isa = PBXGroup;
			children = (
				5710E2142425E24C007EE75A /* TabBar */,
				5710E21F2425E24C007EE75A /* TabView */,
			);
			path = "图片";
			sourceTree = "<group>";
		};
		5710E2142425E24C007EE75A /* TabBar */ = {
			isa = PBXGroup;
			children = (
				5710E2302425FC55007EE75A /* post_normal@2x.png */,
				5710E22C2425E630007EE75A /* 发现_未选中@2x.png */,
				5710E2162425E24C007EE75A /* 首页_选中@2x.png */,
				5710E2172425E24C007EE75A /* 首页_未选中@2x.png */,
				5710E2192425E24C007EE75A /* 我的_选中@2x.png */,
				5710E21A2425E24C007EE75A /* 朋友_选中@2x.png */,
				5710E21B2425E24C007EE75A /* 朋友_未选中@2x.png */,
				5710E21C2425E24C007EE75A /* 发现_选中@2x.png */,
				5710E21D2425E24C007EE75A /* 添加_未选中@2x.png */,
				5710E2152425E24C007EE75A /* 添加_选中@2x.png */,
				5710E21E2425E24C007EE75A /* 我的_未选中@2x.png */,
			);
			path = TabBar;
			sourceTree = "<group>";
		};
		5710E21F2425E24C007EE75A /* TabView */ = {
			isa = PBXGroup;
			children = (
				5710E22B2425E265007EE75A /* 无用@2x.png */,
				5710E22A2425E265007EE75A /* 无用@3x.png */,
			);
			path = TabView;
			sourceTree = "<group>";
		};
		5710E23224260879007EE75A /* 扩展 */ = {
			isa = PBXGroup;
			children = (
				5710E233242608A2007EE75A /* XcUiClolor.swift */,
			);
			path = "扩展";
			sourceTree = "<group>";
		};
/* End PBXGroup section */

/* Begin PBXNativeTarget section */
		5710E19B24245D9D007EE75A /* IosSwiftDemo */ = {
			isa = PBXNativeTarget;
			buildConfigurationList = 5710E1C624245D9E007EE75A /* Build configuration list for PBXNativeTarget "IosSwiftDemo" */;
			buildPhases = (
				5710E19824245D9D007EE75A /* Sources */,
				5710E19924245D9D007EE75A /* Frameworks */,
				5710E19A24245D9D007EE75A /* Resources */,
			);
			buildRules = (
			);
			dependencies = (
			);
			name = IosSwiftDemo;
			productName = IosSwiftDemo;
			productReference = 5710E19C24245D9D007EE75A /* IosSwiftDemo.app */;
			productType = "com.apple.product-type.application";
		};
		5710E1B124245D9E007EE75A /* IosSwiftDemoTests */ = {
			isa = PBXNativeTarget;
			buildConfigurationList = 5710E1C924245D9E007EE75A /* Build configuration list for PBXNativeTarget "IosSwiftDemoTests" */;
			buildPhases = (
				5710E1AE24245D9E007EE75A /* Sources */,
				5710E1AF24245D9E007EE75A /* Frameworks */,
				5710E1B024245D9E007EE75A /* Resources */,
			);
			buildRules = (
			);
			dependencies = (
				5710E1B424245D9E007EE75A /* PBXTargetDependency */,
			);
			name = IosSwiftDemoTests;
			productName = IosSwiftDemoTests;
			productReference = 5710E1B224245D9E007EE75A /* IosSwiftDemoTests.xctest */;
			productType = "com.apple.product-type.bundle.unit-test";
		};
		5710E1BC24245D9E007EE75A /* IosSwiftDemoUITests */ = {
			isa = PBXNativeTarget;
			buildConfigurationList = 5710E1CC24245D9E007EE75A /* Build configuration list for PBXNativeTarget "IosSwiftDemoUITests" */;
			buildPhases = (
				5710E1B924245D9E007EE75A /* Sources */,
				5710E1BA24245D9E007EE75A /* Frameworks */,
				5710E1BB24245D9E007EE75A /* Resources */,
			);
			buildRules = (
			);
			dependencies = (
				5710E1BF24245D9E007EE75A /* PBXTargetDependency */,
			);
			name = IosSwiftDemoUITests;
			productName = IosSwiftDemoUITests;
			productReference = 5710E1BD24245D9E007EE75A /* IosSwiftDemoUITests.xctest */;
			productType = "com.apple.product-type.bundle.ui-testing";
		};
/* End PBXNativeTarget section */

/* Begin PBXProject section */
		5710E19424245D9D007EE75A /* Project object */ = {
			isa = PBXProject;
			attributes = {
				LastSwiftUpdateCheck = 1130;
				LastUpgradeCheck = 1130;
				ORGANIZATIONNAME = xc;
				TargetAttributes = {
					5710E19B24245D9D007EE75A = {
						CreatedOnToolsVersion = 11.3.1;
					};
					5710E1B124245D9E007EE75A = {
						CreatedOnToolsVersion = 11.3.1;
						TestTargetID = 5710E19B24245D9D007EE75A;
					};
					5710E1BC24245D9E007EE75A = {
						CreatedOnToolsVersion = 11.3.1;
						TestTargetID = 5710E19B24245D9D007EE75A;
					};
				};
			};
			buildConfigurationList = 5710E19724245D9D007EE75A /* Build configuration list for PBXProject "IosSwiftDemo" */;
			compatibilityVersion = "Xcode 9.3";
			developmentRegion = en;
			hasScannedForEncodings = 0;
			knownRegions = (
				en,
				Base,
			);
			mainGroup = 5710E19324245D9D007EE75A;
			productRefGroup = 5710E19D24245D9D007EE75A /* Products */;
			projectDirPath = "";
			projectRoot = "";
			targets = (
				5710E19B24245D9D007EE75A /* IosSwiftDemo */,
				5710E1B124245D9E007EE75A /* IosSwiftDemoTests */,
				5710E1BC24245D9E007EE75A /* IosSwiftDemoUITests */,
			);
		};
/* End PBXProject section */

/* Begin PBXResourcesBuildPhase section */
		5710E19A24245D9D007EE75A /* Resources */ = {
			isa = PBXResourcesBuildPhase;
			buildActionMask = 2147483647;
			files = (
				5710E1F62424D484007EE75A /* View.xib in Resources */,
				5710E2242425E24C007EE75A /* 我的_选中@2x.png in Resources */,
				5710E1AC24245D9E007EE75A /* LaunchScreen.storyboard in Resources */,
				5710E2272425E24C007EE75A /* 发现_选中@2x.png in Resources */,
				5710E1A924245D9E007EE75A /* Assets.xcassets in Resources */,
				5710E1A724245D9D007EE75A /* Main.storyboard in Resources */,
				5710E2202425E24C007EE75A /* 添加_选中@2x.png in Resources */,
				5710E2222425E24C007EE75A /* 首页_未选中@2x.png in Resources */,
				5710E2252425E24C007EE75A /* 朋友_选中@2x.png in Resources */,
				5710E2292425E24C007EE75A /* 我的_未选中@2x.png in Resources */,
				5710E22D2425E630007EE75A /* 发现_未选中@2x.png in Resources */,
				5710E2262425E24C007EE75A /* 朋友_未选中@2x.png in Resources */,
				5710E2312425FC55007EE75A /* post_normal@2x.png in Resources */,
				5710E2212425E24C007EE75A /* 首页_选中@2x.png in Resources */,
				5710E2282425E24C007EE75A /* 添加_未选中@2x.png in Resources */,
			);
			runOnlyForDeploymentPostprocessing = 0;
		};
		5710E1B024245D9E007EE75A /* Resources */ = {
			isa = PBXResourcesBuildPhase;
			buildActionMask = 2147483647;
			files = (
			);
			runOnlyForDeploymentPostprocessing = 0;
		};
		5710E1BB24245D9E007EE75A /* Resources */ = {
			isa = PBXResourcesBuildPhase;
			buildActionMask = 2147483647;
			files = (
			);
			runOnlyForDeploymentPostprocessing = 0;
		};
/* End PBXResourcesBuildPhase section */

/* Begin PBXSourcesBuildPhase section */
		5710E19824245D9D007EE75A /* Sources */ = {
			isa = PBXSourcesBuildPhase;
			buildActionMask = 2147483647;
			files = (
				5710E2122425D9C6007EE75A /* MyUiTabBarView.swift in Sources */,
				5710E22F2425F1A0007EE75A /* JdJhTabBar.swift in Sources */,
				5710E2102425D977007EE75A /* TabBarSubPage2.swift in Sources */,
				5710E20D2425D977007EE75A /* TabBarSubPage3.swift in Sources */,
				578D41C224260FCE00F8B141 /* CustomTabBar.swift in Sources */,
				5710E23824260EB6007EE75A /* TqlTabBar.swift in Sources */,
				5710E2082425D830007EE75A /* TabBarSubPage1.swift in Sources */,
				5710E1A024245D9D007EE75A /* AppDelegate.swift in Sources */,
				5710E20F2425D977007EE75A /* TabBarSubPage5.swift in Sources */,
				5710E2062425D6AF007EE75A /* XtTabBar.swift in Sources */,
				5710E23624260C44007EE75A /* TabBarSubPage6.swift in Sources */,
				5710E20E2425D977007EE75A /* TabBarSubPage4.swift in Sources */,
				5710E1D824246F88007EE75A /* MainVc.swift in Sources */,
				5710E1D424246857007EE75A /* UIViewController扩展.swift in Sources */,
				5710E1F52424D484007EE75A /* File1.swift in Sources */,
				5710E234242608A2007EE75A /* XcUiClolor.swift in Sources */,
				5710E1FA2425C7D2007EE75A /* LieBiao.swift in Sources */,
				5710E1A224245D9D007EE75A /* SceneDelegate.swift in Sources */,
			);
			runOnlyForDeploymentPostprocessing = 0;
		};
		5710E1AE24245D9E007EE75A /* Sources */ = {
			isa = PBXSourcesBuildPhase;
			buildActionMask = 2147483647;
			files = (
				5710E1B724245D9E007EE75A /* IosSwiftDemoTests.swift in Sources */,
			);
			runOnlyForDeploymentPostprocessing = 0;
		};
		5710E1B924245D9E007EE75A /* Sources */ = {
			isa = PBXSourcesBuildPhase;
			buildActionMask = 2147483647;
			files = (
				5710E1C224245D9E007EE75A /* IosSwiftDemoUITests.swift in Sources */,
			);
			runOnlyForDeploymentPostprocessing = 0;
		};
/* End PBXSourcesBuildPhase section */

/* Begin PBXTargetDependency section */
		5710E1B424245D9E007EE75A /* PBXTargetDependency */ = {
			isa = PBXTargetDependency;
			target = 5710E19B24245D9D007EE75A /* IosSwiftDemo */;
			targetProxy = 5710E1B324245D9E007EE75A /* PBXContainerItemProxy */;
		};
		5710E1BF24245D9E007EE75A /* PBXTargetDependency */ = {
			isa = PBXTargetDependency;
			target = 5710E19B24245D9D007EE75A /* IosSwiftDemo */;
			targetProxy = 5710E1BE24245D9E007EE75A /* PBXContainerItemProxy */;
		};
/* End PBXTargetDependency section */

/* Begin PBXVariantGroup section */
		5710E1A524245D9D007EE75A /* Main.storyboard */ = {
			isa = PBXVariantGroup;
			children = (
				5710E1A624245D9D007EE75A /* Base */,
			);
			name = Main.storyboard;
			sourceTree = "<group>";
		};
		5710E1AA24245D9E007EE75A /* LaunchScreen.storyboard */ = {
			isa = PBXVariantGroup;
			children = (
				5710E1AB24245D9E007EE75A /* Base */,
			);
			name = LaunchScreen.storyboard;
			sourceTree = "<group>";
		};
/* End PBXVariantGroup section */

/* Begin XCBuildConfiguration section */
		5710E1C424245D9E007EE75A /* Debug */ = {
			isa = XCBuildConfiguration;
			buildSettings = {
				ALWAYS_SEARCH_USER_PATHS = NO;
				ASSETCATALOG_COMPILER_LAUNCHIMAGE_NAME = LaunchImage;
				CLANG_ANALYZER_NONNULL = YES;
				CLANG_ANALYZER_NUMBER_OBJECT_CONVERSION = YES_AGGRESSIVE;
				CLANG_CXX_LANGUAGE_STANDARD = "gnu++14";
				CLANG_CXX_LIBRARY = "libc++";
				CLANG_ENABLE_MODULES = YES;
				CLANG_ENABLE_OBJC_ARC = YES;
				CLANG_ENABLE_OBJC_WEAK = YES;
				CLANG_WARN_BLOCK_CAPTURE_AUTORELEASING = YES;
				CLANG_WARN_BOOL_CONVERSION = YES;
				CLANG_WARN_COMMA = YES;
				CLANG_WARN_CONSTANT_CONVERSION = YES;
				CLANG_WARN_DEPRECATED_OBJC_IMPLEMENTATIONS = YES;
				CLANG_WARN_DIRECT_OBJC_ISA_USAGE = YES_ERROR;
				CLANG_WARN_DOCUMENTATION_COMMENTS = YES;
				CLANG_WARN_EMPTY_BODY = YES;
				CLANG_WARN_ENUM_CONVERSION = YES;
				CLANG_WARN_INFINITE_RECURSION = YES;
				CLANG_WARN_INT_CONVERSION = YES;
				CLANG_WARN_NON_LITERAL_NULL_CONVERSION = YES;
				CLANG_WARN_OBJC_IMPLICIT_RETAIN_SELF = YES;
				CLANG_WARN_OBJC_LITERAL_CONVERSION = YES;
				CLANG_WARN_OBJC_ROOT_CLASS = YES_ERROR;
				CLANG_WARN_RANGE_LOOP_ANALYSIS = YES;
				CLANG_WARN_STRICT_PROTOTYPES = YES;
				CLANG_WARN_SUSPICIOUS_MOVE = YES;
				CLANG_WARN_UNGUARDED_AVAILABILITY = YES_AGGRESSIVE;
				CLANG_WARN_UNREACHABLE_CODE = YES;
				CLANG_WARN__DUPLICATE_METHOD_MATCH = YES;
				COPY_PHASE_STRIP = NO;
				DEBUG_INFORMATION_FORMAT = dwarf;
				ENABLE_STRICT_OBJC_MSGSEND = YES;
				ENABLE_TESTABILITY = YES;
				GCC_C_LANGUAGE_STANDARD = gnu11;
				GCC_DYNAMIC_NO_PIC = NO;
				GCC_NO_COMMON_BLOCKS = YES;
				GCC_OPTIMIZATION_LEVEL = 0;
				GCC_PREPROCESSOR_DEFINITIONS = (
					"DEBUG=1",
					"$(inherited)",
				);
				GCC_WARN_64_TO_32_BIT_CONVERSION = YES;
				GCC_WARN_ABOUT_RETURN_TYPE = YES_ERROR;
				GCC_WARN_UNDECLARED_SELECTOR = YES;
				GCC_WARN_UNINITIALIZED_AUTOS = YES_AGGRESSIVE;
				GCC_WARN_UNUSED_FUNCTION = YES;
				GCC_WARN_UNUSED_VARIABLE = YES;
				IPHONEOS_DEPLOYMENT_TARGET = 13.2;
				MTL_ENABLE_DEBUG_INFO = INCLUDE_SOURCE;
				MTL_FAST_MATH = YES;
				ONLY_ACTIVE_ARCH = YES;
				SDKROOT = iphoneos;
				SWIFT_ACTIVE_COMPILATION_CONDITIONS = DEBUG;
				SWIFT_OPTIMIZATION_LEVEL = "-Onone";
			};
			name = Debug;
		};
		5710E1C524245D9E007EE75A /* Release */ = {
			isa = XCBuildConfiguration;
			buildSettings = {
				ALWAYS_SEARCH_USER_PATHS = NO;
				ASSETCATALOG_COMPILER_LAUNCHIMAGE_NAME = LaunchImage;
				CLANG_ANALYZER_NONNULL = YES;
				CLANG_ANALYZER_NUMBER_OBJECT_CONVERSION = YES_AGGRESSIVE;
				CLANG_CXX_LANGUAGE_STANDARD = "gnu++14";
				CLANG_CXX_LIBRARY = "libc++";
				CLANG_ENABLE_MODULES = YES;
				CLANG_ENABLE_OBJC_ARC = YES;
				CLANG_ENABLE_OBJC_WEAK = YES;
				CLANG_WARN_BLOCK_CAPTURE_AUTORELEASING = YES;
				CLANG_WARN_BOOL_CONVERSION = YES;
				CLANG_WARN_COMMA = YES;
				CLANG_WARN_CONSTANT_CONVERSION = YES;
				CLANG_WARN_DEPRECATED_OBJC_IMPLEMENTATIONS = YES;
				CLANG_WARN_DIRECT_OBJC_ISA_USAGE = YES_ERROR;
				CLANG_WARN_DOCUMENTATION_COMMENTS = YES;
				CLANG_WARN_EMPTY_BODY = YES;
				CLANG_WARN_ENUM_CONVERSION = YES;
				CLANG_WARN_INFINITE_RECURSION = YES;
				CLANG_WARN_INT_CONVERSION = YES;
				CLANG_WARN_NON_LITERAL_NULL_CONVERSION = YES;
				CLANG_WARN_OBJC_IMPLICIT_RETAIN_SELF = YES;
				CLANG_WARN_OBJC_LITERAL_CONVERSION = YES;
				CLANG_WARN_OBJC_ROOT_CLASS = YES_ERROR;
				CLANG_WARN_RANGE_LOOP_ANALYSIS = YES;
				CLANG_WARN_STRICT_PROTOTYPES = YES;
				CLANG_WARN_SUSPICIOUS_MOVE = YES;
				CLANG_WARN_UNGUARDED_AVAILABILITY = YES_AGGRESSIVE;
				CLANG_WARN_UNREACHABLE_CODE = YES;
				CLANG_WARN__DUPLICATE_METHOD_MATCH = YES;
				COPY_PHASE_STRIP = NO;
				DEBUG_INFORMATION_FORMAT = "dwarf-with-dsym";
				ENABLE_NS_ASSERTIONS = NO;
				ENABLE_STRICT_OBJC_MSGSEND = YES;
				GCC_C_LANGUAGE_STANDARD = gnu11;
				GCC_NO_COMMON_BLOCKS = YES;
				GCC_WARN_64_TO_32_BIT_CONVERSION = YES;
				GCC_WARN_ABOUT_RETURN_TYPE = YES_ERROR;
				GCC_WARN_UNDECLARED_SELECTOR = YES;
				GCC_WARN_UNINITIALIZED_AUTOS = YES_AGGRESSIVE;
				GCC_WARN_UNUSED_FUNCTION = YES;
				GCC_WARN_UNUSED_VARIABLE = YES;
				IPHONEOS_DEPLOYMENT_TARGET = 13.2;
				MTL_ENABLE_DEBUG_INFO = NO;
				MTL_FAST_MATH = YES;
				SDKROOT = iphoneos;
				SWIFT_COMPILATION_MODE = wholemodule;
				SWIFT_OPTIMIZATION_LEVEL = "-O";
				VALIDATE_PRODUCT = YES;
			};
			name = Release;
		};
		5710E1C724245D9E007EE75A /* Debug */ = {
			isa = XCBuildConfiguration;
			buildSettings = {
				ASSETCATALOG_COMPILER_APPICON_NAME = AppIcon;
				CODE_SIGN_STYLE = Automatic;
				INFOPLIST_FILE = IosSwiftDemo/Info.plist;
				LD_RUNPATH_SEARCH_PATHS = (
					"$(inherited)",
					"@executable_path/Frameworks",
				);
				PRODUCT_BUNDLE_IDENTIFIER = test.IosSwiftDemo;
				PRODUCT_NAME = "$(TARGET_NAME)";
				SWIFT_VERSION = 5.0;
				TARGETED_DEVICE_FAMILY = "1,2";
			};
			name = Debug;
		};
		5710E1C824245D9E007EE75A /* Release */ = {
			isa = XCBuildConfiguration;
			buildSettings = {
				ASSETCATALOG_COMPILER_APPICON_NAME = AppIcon;
				CODE_SIGN_STYLE = Automatic;
				INFOPLIST_FILE = IosSwiftDemo/Info.plist;
				LD_RUNPATH_SEARCH_PATHS = (
					"$(inherited)",
					"@executable_path/Frameworks",
				);
				PRODUCT_BUNDLE_IDENTIFIER = test.IosSwiftDemo;
				PRODUCT_NAME = "$(TARGET_NAME)";
				SWIFT_VERSION = 5.0;
				TARGETED_DEVICE_FAMILY = "1,2";
			};
			name = Release;
		};
		5710E1CA24245D9E007EE75A /* Debug */ = {
			isa = XCBuildConfiguration;
			buildSettings = {
				ALWAYS_EMBED_SWIFT_STANDARD_LIBRARIES = YES;
				BUNDLE_LOADER = "$(TEST_HOST)";
				CODE_SIGN_STYLE = Automatic;
				INFOPLIST_FILE = IosSwiftDemoTests/Info.plist;
				IPHONEOS_DEPLOYMENT_TARGET = 13.2;
				LD_RUNPATH_SEARCH_PATHS = (
					"$(inherited)",
					"@executable_path/Frameworks",
					"@loader_path/Frameworks",
				);
				PRODUCT_BUNDLE_IDENTIFIER = test.IosSwiftDemoTests;
				PRODUCT_NAME = "$(TARGET_NAME)";
				SWIFT_VERSION = 5.0;
				TARGETED_DEVICE_FAMILY = "1,2";
				TEST_HOST = "$(BUILT_PRODUCTS_DIR)/IosSwiftDemo.app/IosSwiftDemo";
			};
			name = Debug;
		};
		5710E1CB24245D9E007EE75A /* Release */ = {
			isa = XCBuildConfiguration;
			buildSettings = {
				ALWAYS_EMBED_SWIFT_STANDARD_LIBRARIES = YES;
				BUNDLE_LOADER = "$(TEST_HOST)";
				CODE_SIGN_STYLE = Automatic;
				INFOPLIST_FILE = IosSwiftDemoTests/Info.plist;
				IPHONEOS_DEPLOYMENT_TARGET = 13.2;
				LD_RUNPATH_SEARCH_PATHS = (
					"$(inherited)",
					"@executable_path/Frameworks",
					"@loader_path/Frameworks",
				);
				PRODUCT_BUNDLE_IDENTIFIER = test.IosSwiftDemoTests;
				PRODUCT_NAME = "$(TARGET_NAME)";
				SWIFT_VERSION = 5.0;
				TARGETED_DEVICE_FAMILY = "1,2";
				TEST_HOST = "$(BUILT_PRODUCTS_DIR)/IosSwiftDemo.app/IosSwiftDemo";
			};
			name = Release;
		};
		5710E1CD24245D9E007EE75A /* Debug */ = {
			isa = XCBuildConfiguration;
			buildSettings = {
				ALWAYS_EMBED_SWIFT_STANDARD_LIBRARIES = YES;
				CODE_SIGN_STYLE = Automatic;
				INFOPLIST_FILE = IosSwiftDemoUITests/Info.plist;
				LD_RUNPATH_SEARCH_PATHS = (
					"$(inherited)",
					"@executable_path/Frameworks",
					"@loader_path/Frameworks",
				);
				PRODUCT_BUNDLE_IDENTIFIER = test.IosSwiftDemoUITests;
				PRODUCT_NAME = "$(TARGET_NAME)";
				SWIFT_VERSION = 5.0;
				TARGETED_DEVICE_FAMILY = "1,2";
				TEST_TARGET_NAME = IosSwiftDemo;
			};
			name = Debug;
		};
		5710E1CE24245D9E007EE75A /* Release */ = {
			isa = XCBuildConfiguration;
			buildSettings = {
				ALWAYS_EMBED_SWIFT_STANDARD_LIBRARIES = YES;
				CODE_SIGN_STYLE = Automatic;
				INFOPLIST_FILE = IosSwiftDemoUITests/Info.plist;
				LD_RUNPATH_SEARCH_PATHS = (
					"$(inherited)",
					"@executable_path/Frameworks",
					"@loader_path/Frameworks",
				);
				PRODUCT_BUNDLE_IDENTIFIER = test.IosSwiftDemoUITests;
				PRODUCT_NAME = "$(TARGET_NAME)";
				SWIFT_VERSION = 5.0;
				TARGETED_DEVICE_FAMILY = "1,2";
				TEST_TARGET_NAME = IosSwiftDemo;
			};
			name = Release;
		};
/* End XCBuildConfiguration section */

/* Begin XCConfigurationList section */
		5710E19724245D9D007EE75A /* Build configuration list for PBXProject "IosSwiftDemo" */ = {
			isa = XCConfigurationList;
			buildConfigurations = (
				5710E1C424245D9E007EE75A /* Debug */,
				5710E1C524245D9E007EE75A /* Release */,
			);
			defaultConfigurationIsVisible = 0;
			defaultConfigurationName = Release;
		};
		5710E1C624245D9E007EE75A /* Build configuration list for PBXNativeTarget "IosSwiftDemo" */ = {
			isa = XCConfigurationList;
			buildConfigurations = (
				5710E1C724245D9E007EE75A /* Debug */,
				5710E1C824245D9E007EE75A /* Release */,
			);
			defaultConfigurationIsVisible = 0;
			defaultConfigurationName = Release;
		};
		5710E1C924245D9E007EE75A /* Build configuration list for PBXNativeTarget "IosSwiftDemoTests" */ = {
			isa = XCConfigurationList;
			buildConfigurations = (
				5710E1CA24245D9E007EE75A /* Debug */,
				5710E1CB24245D9E007EE75A /* Release */,
			);
			defaultConfigurationIsVisible = 0;
			defaultConfigurationName = Release;
		};
		5710E1CC24245D9E007EE75A /* Build configuration list for PBXNativeTarget "IosSwiftDemoUITests" */ = {
			isa = XCConfigurationList;
			buildConfigurations = (
				5710E1CD24245D9E007EE75A /* Debug */,
				5710E1CE24245D9E007EE75A /* Release */,
			);
			defaultConfigurationIsVisible = 0;
			defaultConfigurationName = Release;
		};
/* End XCConfigurationList section */
	};
	rootObject = 5710E19424245D9D007EE75A /* Project object */;
}
